
Microsoft Visual Studio Solution File, Format Version 12.00
# Visual Studio Version 17
VisualStudioVersion = 17.5.33516.290
MinimumVisualStudioVersion = 10.0.40219.1
Project("{FAE04EC0-301F-11D3-BF4B-00C04F79EFBC}") = "TMP_Lab2", "TMP_Lab2.csproj", "{33884CC0-C1D9-45AC-9072-14466DCF79FB}"
EndProject
Global
	GlobalSection(SolutionConfigurationPlatforms) = preSolution
		Debug|Any CPU = Debug|Any CPU
		Release|Any CPU = Release|Any CPU
	EndGlobalSection
	GlobalSection(ProjectConfigurationPlatforms) = postSolution
		{33884CC0-C1D9-45AC-9072-14466DCF79FB}.Debug|Any CPU.ActiveCfg = Debug|Any CPU
		{33884CC0-C1D9-45AC-9072-14466DCF79FB}.Debug|Any CPU.Build.0 = Debug|Any CPU
		{33884CC0-C1D9-45AC-9072-14466DCF79FB}.Release|Any CPU.ActiveCfg = Release|Any CPU
		{33884CC0-C1D9-45AC-9072-14466DCF79FB}.Release|Any CPU.Build.0 = Release|Any CPU
	EndGlobalSection
	GlobalSection(SolutionProperties) = preSolution
		HideSolutionNode = FALSE
	EndGlobalSection
	GlobalSection(ExtensibilityGlobals) = postSolution
		SolutionGuid = {64FA87A3-1261-40B1-BA18-F2D14EA33C4E}
	EndGlobalSection
EndGlobal
